
Microsoft Visual Studio Solution File, Format Version 12.00
# Visual Studio Version 16
VisualStudioVersion = 16.0.31019.35
MinimumVisualStudioVersion = 10.0.40219.1
Project("{9A19103F-16F7-4668-BE54-9A1E7A4F7556}") = "EFCore5WebApp", "EFCore5WebApp.csproj", "{E96D316B-F096-47E4-A9B3-078207D82BC3}"
EndProject
Project("{9A19103F-16F7-4668-BE54-9A1E7A4F7556}") = "EFCore5WebApp.Core", "EFCore5WebApp.Core\EFCore5WebApp.Core.csproj", "{B5E51619-D0AF-48A1-872A-8CBBB23DEC0E}"
EndProject
Project("{9A19103F-16F7-4668-BE54-9A1E7A4F7556}") = "EFCore5WebApp.Core.Tests", "EFCore5WebApp.Core.Tests\EFCore5WebApp.Core.Tests.csproj", "{30D6267D-4658-4F01-B463-E0A5347D5A7B}"
EndProject
Project("{FAE04EC0-301F-11D3-BF4B-00C04F79EFBC}") = "EFCore5WebApp.DAL", "EFCore5WebApp.DAL\EFCore5WebApp.DAL.csproj", "{2FA98831-7A3E-499E-B95E-61D8D35F54A9}"
EndProject
Project("{FAE04EC0-301F-11D3-BF4B-00C04F79EFBC}") = "EFCore5WebApp.DAL.Tests", "EFCore5WebApp.DAL.Tests\EFCore5WebApp.DAL.Tests.csproj", "{5BC333C8-AF20-4D3D-AF3E-D6C801AFC713}"
EndProject
Global
	GlobalSection(SolutionConfigurationPlatforms) = preSolution
		Debug|Any CPU = Debug|Any CPU
		Release|Any CPU = Release|Any CPU
	EndGlobalSection
	GlobalSection(ProjectConfigurationPlatforms) = postSolution
		{E96D316B-F096-47E4-A9B3-078207D82BC3}.Debug|Any CPU.ActiveCfg = Debug|Any CPU
		{E96D316B-F096-47E4-A9B3-078207D82BC3}.Debug|Any CPU.Build.0 = Debug|Any CPU
		{E96D316B-F096-47E4-A9B3-078207D82BC3}.Release|Any CPU.ActiveCfg = Release|Any CPU
		{E96D316B-F096-47E4-A9B3-078207D82BC3}.Release|Any CPU.Build.0 = Release|Any CPU
		{B5E51619-D0AF-48A1-872A-8CBBB23DEC0E}.Debug|Any CPU.ActiveCfg = Debug|Any CPU
		{B5E51619-D0AF-48A1-872A-8CBBB23DEC0E}.Debug|Any CPU.Build.0 = Debug|Any CPU
		{B5E51619-D0AF-48A1-872A-8CBBB23DEC0E}.Release|Any CPU.ActiveCfg = Release|Any CPU
		{B5E51619-D0AF-48A1-872A-8CBBB23DEC0E}.Release|Any CPU.Build.0 = Release|Any CPU
		{30D6267D-4658-4F01-B463-E0A5347D5A7B}.Debug|Any CPU.ActiveCfg = Debug|Any CPU
		{30D6267D-4658-4F01-B463-E0A5347D5A7B}.Debug|Any CPU.Build.0 = Debug|Any CPU
		{30D6267D-4658-4F01-B463-E0A5347D5A7B}.Release|Any CPU.ActiveCfg = Release|Any CPU
		{30D6267D-4658-4F01-B463-E0A5347D5A7B}.Release|Any CPU.Build.0 = Release|Any CPU
		{2FA98831-7A3E-499E-B95E-61D8D35F54A9}.Debug|Any CPU.ActiveCfg = Debug|Any CPU
		{2FA98831-7A3E-499E-B95E-61D8D35F54A9}.Debug|Any CPU.Build.0 = Debug|Any CPU
		{2FA98831-7A3E-499E-B95E-61D8D35F54A9}.Release|Any CPU.ActiveCfg = Release|Any CPU
		{2FA98831-7A3E-499E-B95E-61D8D35F54A9}.Release|Any CPU.Build.0 = Release|Any CPU
		{5BC333C8-AF20-4D3D-AF3E-D6C801AFC713}.Debug|Any CPU.ActiveCfg = Debug|Any CPU
		{5BC333C8-AF20-4D3D-AF3E-D6C801AFC713}.Debug|Any CPU.Build.0 = Debug|Any CPU
		{5BC333C8-AF20-4D3D-AF3E-D6C801AFC713}.Release|Any CPU.ActiveCfg = Release|Any CPU
		{5BC333C8-AF20-4D3D-AF3E-D6C801AFC713}.Release|Any CPU.Build.0 = Release|Any CPU
	EndGlobalSection
	GlobalSection(SolutionProperties) = preSolution
		HideSolutionNode = FALSE
	EndGlobalSection
	GlobalSection(ExtensibilityGlobals) = postSolution
		SolutionGuid = {4A45DF3C-08D0-4004-8BB9-FC2B1194493E}
	EndGlobalSection
EndGlobal
